// !$*UTF8*$!
{
	archiveVersion = 1;
	classes = {
	};
	objectVersion = 56;
	objects = {

/* Begin PBXBuildFile section */
		1A061A652A0FB3F50092DA1C /* ABC301-A.swift in Sources */ = {isa = PBXBuildFile; fileRef = 1A061A642A0FB3F50092DA1C /* ABC301-A.swift */; };
		1A061A672A0FB6EE0092DA1C /* ABC301-B.swift in Sources */ = {isa = PBXBuildFile; fileRef = 1A061A662A0FB6EE0092DA1C /* ABC301-B.swift */; };
		1A061A692A0FBF1E0092DA1C /* ABC301-C.swift in Sources */ = {isa = PBXBuildFile; fileRef = 1A061A682A0FBF1E0092DA1C /* ABC301-C.swift */; };
		1A380A122A2E718700D3C58F /* private10.swift in Sources */ = {isa = PBXBuildFile; fileRef = 1A380A112A2E718700D3C58F /* private10.swift */; };
		1A51D4862A171CDC00A7366F /* private1.swift in Sources */ = {isa = PBXBuildFile; fileRef = 1A51D4852A171CDC00A7366F /* private1.swift */; };
		1A51D4902A18F0C200A7366F /* ABC302-A.swift in Sources */ = {isa = PBXBuildFile; fileRef = 1A51D48F2A18F0C200A7366F /* ABC302-A.swift */; };
		1A51D4922A18F41300A7366F /* ABC302-B.swift in Sources */ = {isa = PBXBuildFile; fileRef = 1A51D4912A18F41300A7366F /* ABC302-B.swift */; };
		1A51D4942A19012200A7366F /* ABC302-C.swift in Sources */ = {isa = PBXBuildFile; fileRef = 1A51D4932A19012200A7366F /* ABC302-C.swift */; };
		1A51D4962A199BF200A7366F /* private2.swift in Sources */ = {isa = PBXBuildFile; fileRef = 1A51D4952A199BF200A7366F /* private2.swift */; };
		1A51D4982A1A007B00A7366F /* private3.swift in Sources */ = {isa = PBXBuildFile; fileRef = 1A51D4972A1A007B00A7366F /* private3.swift */; };
		1A5943392A29C0E80000E1F8 /* private6.swift in Sources */ = {isa = PBXBuildFile; fileRef = 1A5943382A29C0E80000E1F8 /* private6.swift */; };
		1A59433B2A29D87B0000E1F8 /* private7.swift in Sources */ = {isa = PBXBuildFile; fileRef = 1A59433A2A29D87B0000E1F8 /* private7.swift */; };
		1A59433D2A29DFF30000E1F8 /* private8.swift in Sources */ = {isa = PBXBuildFile; fileRef = 1A59433C2A29DFF30000E1F8 /* private8.swift */; };
		1A59433F2A29EF470000E1F8 /* private9.swift in Sources */ = {isa = PBXBuildFile; fileRef = 1A59433E2A29EF470000E1F8 /* private9.swift */; };
		1A90666B29FEBB90007D113C /* main.swift in Sources */ = {isa = PBXBuildFile; fileRef = 1A90666A29FEBB90007D113C /* main.swift */; };
		1A90667929FEC609007D113C /* sample.swift in Sources */ = {isa = PBXBuildFile; fileRef = 1A90667829FEC609007D113C /* sample.swift */; };
		1A90667B29FEC640007D113C /* ABC086-A.swift in Sources */ = {isa = PBXBuildFile; fileRef = 1A90667A29FEC640007D113C /* ABC086-A.swift */; };
		1A90667D29FEC9C9007D113C /* ABC081-A.swift in Sources */ = {isa = PBXBuildFile; fileRef = 1A90667C29FEC9C9007D113C /* ABC081-A.swift */; };
		1A90668729FED625007D113C /* ABC081-B.swift in Sources */ = {isa = PBXBuildFile; fileRef = 1A90668629FED625007D113C /* ABC081-B.swift */; };
		1A90668929FED905007D113C /* ABC087-B.swift in Sources */ = {isa = PBXBuildFile; fileRef = 1A90668829FED905007D113C /* ABC087-B.swift */; };
		1A90668B29FF7429007D113C /* ABC083-B.swift in Sources */ = {isa = PBXBuildFile; fileRef = 1A90668A29FF7429007D113C /* ABC083-B.swift */; };
		1A90668D2A00BAA0007D113C /* ABC088-B.swift in Sources */ = {isa = PBXBuildFile; fileRef = 1A90668C2A00BAA0007D113C /* ABC088-B.swift */; };
		1A90668F2A00D07B007D113C /* ABC085-B.swift in Sources */ = {isa = PBXBuildFile; fileRef = 1A90668E2A00D07B007D113C /* ABC085-B.swift */; };
		1A9066922A00D486007D113C /* ABC085-C.swift in Sources */ = {isa = PBXBuildFile; fileRef = 1A9066912A00D486007D113C /* ABC085-C.swift */; };
		1A9066942A00E681007D113C /* ABC049-C.swift in Sources */ = {isa = PBXBuildFile; fileRef = 1A9066932A00E681007D113C /* ABC049-C.swift */; };
		1A9066962A01730A007D113C /* ABC086-C.swift in Sources */ = {isa = PBXBuildFile; fileRef = 1A9066952A017309007D113C /* ABC086-C.swift */; };
		1A9066982A02ABB8007D113C /* ABC047-C.swift in Sources */ = {isa = PBXBuildFile; fileRef = 1A9066972A02ABB8007D113C /* ABC047-C.swift */; };
		1A90669B2A02B147007D113C /* ABC047-D.swift in Sources */ = {isa = PBXBuildFile; fileRef = 1A90669A2A02B147007D113C /* ABC047-D.swift */; };
		1AE123DF2A22293700513218 /* ABC303-A.swift in Sources */ = {isa = PBXBuildFile; fileRef = 1AE123DE2A22293700513218 /* ABC303-A.swift */; };
		1AE123E12A222D4200513218 /* ABC303-B.swift in Sources */ = {isa = PBXBuildFile; fileRef = 1AE123E02A222D4200513218 /* ABC303-B.swift */; };
		1AE123E32A2231CE00513218 /* ABC303-C.swift in Sources */ = {isa = PBXBuildFile; fileRef = 1AE123E22A2231CE00513218 /* ABC303-C.swift */; };
		1AE123E52A2332BB00513218 /* private4.swift in Sources */ = {isa = PBXBuildFile; fileRef = 1AE123E42A2332BB00513218 /* private4.swift */; };
		1AE123E72A25905C00513218 /* private5.swift in Sources */ = {isa = PBXBuildFile; fileRef = 1AE123E62A25905C00513218 /* private5.swift */; };
/* End PBXBuildFile section */

/* Begin PBXCopyFilesBuildPhase section */
		1A90666529FEBB90007D113C /* CopyFiles */ = {
			isa = PBXCopyFilesBuildPhase;
			buildActionMask = 2147483647;
			dstPath = /usr/share/man/man1/;
			dstSubfolderSpec = 0;
			files = (
			);
			runOnlyForDeploymentPostprocessing = 1;
		};
/* End PBXCopyFilesBuildPhase section */

/* Begin PBXFileReference section */
		1A061A642A0FB3F50092DA1C /* ABC301-A.swift */ = {isa = PBXFileReference; lastKnownFileType = sourcecode.swift; path = "ABC301-A.swift"; sourceTree = "<group>"; };
		1A061A662A0FB6EE0092DA1C /* ABC301-B.swift */ = {isa = PBXFileReference; lastKnownFileType = sourcecode.swift; path = "ABC301-B.swift"; sourceTree = "<group>"; };
		1A061A682A0FBF1E0092DA1C /* ABC301-C.swift */ = {isa = PBXFileReference; lastKnownFileType = sourcecode.swift; path = "ABC301-C.swift"; sourceTree = "<group>"; };
		1A380A112A2E718700D3C58F /* private10.swift */ = {isa = PBXFileReference; lastKnownFileType = sourcecode.swift; path = private10.swift; sourceTree = "<group>"; };
		1A51D4852A171CDC00A7366F /* private1.swift */ = {isa = PBXFileReference; lastKnownFileType = sourcecode.swift; path = private1.swift; sourceTree = "<group>"; };
		1A51D48F2A18F0C200A7366F /* ABC302-A.swift */ = {isa = PBXFileReference; lastKnownFileType = sourcecode.swift; path = "ABC302-A.swift"; sourceTree = "<group>"; };
		1A51D4912A18F41300A7366F /* ABC302-B.swift */ = {isa = PBXFileReference; lastKnownFileType = sourcecode.swift; path = "ABC302-B.swift"; sourceTree = "<group>"; };
		1A51D4932A19012200A7366F /* ABC302-C.swift */ = {isa = PBXFileReference; lastKnownFileType = sourcecode.swift; path = "ABC302-C.swift"; sourceTree = "<group>"; };
		1A51D4952A199BF200A7366F /* private2.swift */ = {isa = PBXFileReference; lastKnownFileType = sourcecode.swift; path = private2.swift; sourceTree = "<group>"; };
		1A51D4972A1A007B00A7366F /* private3.swift */ = {isa = PBXFileReference; lastKnownFileType = sourcecode.swift; path = private3.swift; sourceTree = "<group>"; };
		1A5943382A29C0E80000E1F8 /* private6.swift */ = {isa = PBXFileReference; lastKnownFileType = sourcecode.swift; path = private6.swift; sourceTree = "<group>"; };
		1A59433A2A29D87B0000E1F8 /* private7.swift */ = {isa = PBXFileReference; lastKnownFileType = sourcecode.swift; path = private7.swift; sourceTree = "<group>"; };
		1A59433C2A29DFF30000E1F8 /* private8.swift */ = {isa = PBXFileReference; lastKnownFileType = sourcecode.swift; path = private8.swift; sourceTree = "<group>"; };
		1A59433E2A29EF470000E1F8 /* private9.swift */ = {isa = PBXFileReference; lastKnownFileType = sourcecode.swift; path = private9.swift; sourceTree = "<group>"; };
		1A90666729FEBB90007D113C /* AtCoder */ = {isa = PBXFileReference; explicitFileType = "compiled.mach-o.executable"; includeInIndex = 0; path = AtCoder; sourceTree = BUILT_PRODUCTS_DIR; };
		1A90666A29FEBB90007D113C /* main.swift */ = {isa = PBXFileReference; lastKnownFileType = sourcecode.swift; path = main.swift; sourceTree = "<group>"; };
		1A90667829FEC609007D113C /* sample.swift */ = {isa = PBXFileReference; lastKnownFileType = sourcecode.swift; path = sample.swift; sourceTree = "<group>"; };
		1A90667A29FEC640007D113C /* ABC086-A.swift */ = {isa = PBXFileReference; lastKnownFileType = sourcecode.swift; path = "ABC086-A.swift"; sourceTree = "<group>"; };
		1A90667C29FEC9C9007D113C /* ABC081-A.swift */ = {isa = PBXFileReference; lastKnownFileType = sourcecode.swift; path = "ABC081-A.swift"; sourceTree = "<group>"; };
		1A90668629FED625007D113C /* ABC081-B.swift */ = {isa = PBXFileReference; lastKnownFileType = sourcecode.swift; path = "ABC081-B.swift"; sourceTree = "<group>"; };
		1A90668829FED905007D113C /* ABC087-B.swift */ = {isa = PBXFileReference; lastKnownFileType = sourcecode.swift; path = "ABC087-B.swift"; sourceTree = "<group>"; };
		1A90668A29FF7429007D113C /* ABC083-B.swift */ = {isa = PBXFileReference; lastKnownFileType = sourcecode.swift; path = "ABC083-B.swift"; sourceTree = "<group>"; };
		1A90668C2A00BAA0007D113C /* ABC088-B.swift */ = {isa = PBXFileReference; lastKnownFileType = sourcecode.swift; path = "ABC088-B.swift"; sourceTree = "<group>"; };
		1A90668E2A00D07B007D113C /* ABC085-B.swift */ = {isa = PBXFileReference; lastKnownFileType = sourcecode.swift; path = "ABC085-B.swift"; sourceTree = "<group>"; };
		1A9066912A00D486007D113C /* ABC085-C.swift */ = {isa = PBXFileReference; lastKnownFileType = sourcecode.swift; path = "ABC085-C.swift"; sourceTree = "<group>"; };
		1A9066932A00E681007D113C /* ABC049-C.swift */ = {isa = PBXFileReference; lastKnownFileType = sourcecode.swift; path = "ABC049-C.swift"; sourceTree = "<group>"; };
		1A9066952A017309007D113C /* ABC086-C.swift */ = {isa = PBXFileReference; lastKnownFileType = sourcecode.swift; path = "ABC086-C.swift"; sourceTree = "<group>"; };
		1A9066972A02ABB8007D113C /* ABC047-C.swift */ = {isa = PBXFileReference; lastKnownFileType = sourcecode.swift; path = "ABC047-C.swift"; sourceTree = "<group>"; };
		1A90669A2A02B147007D113C /* ABC047-D.swift */ = {isa = PBXFileReference; lastKnownFileType = sourcecode.swift; path = "ABC047-D.swift"; sourceTree = "<group>"; };
		1AE123DE2A22293700513218 /* ABC303-A.swift */ = {isa = PBXFileReference; lastKnownFileType = sourcecode.swift; path = "ABC303-A.swift"; sourceTree = "<group>"; };
		1AE123E02A222D4200513218 /* ABC303-B.swift */ = {isa = PBXFileReference; lastKnownFileType = sourcecode.swift; path = "ABC303-B.swift"; sourceTree = "<group>"; };
		1AE123E22A2231CE00513218 /* ABC303-C.swift */ = {isa = PBXFileReference; lastKnownFileType = sourcecode.swift; path = "ABC303-C.swift"; sourceTree = "<group>"; };
		1AE123E42A2332BB00513218 /* private4.swift */ = {isa = PBXFileReference; lastKnownFileType = sourcecode.swift; path = private4.swift; sourceTree = "<group>"; };
		1AE123E62A25905C00513218 /* private5.swift */ = {isa = PBXFileReference; lastKnownFileType = sourcecode.swift; path = private5.swift; sourceTree = "<group>"; };
/* End PBXFileReference section */

/* Begin PBXFrameworksBuildPhase section */
		1A90666429FEBB90007D113C /* Frameworks */ = {
			isa = PBXFrameworksBuildPhase;
			buildActionMask = 2147483647;
			files = (
			);
			runOnlyForDeploymentPostprocessing = 0;
		};
/* End PBXFrameworksBuildPhase section */

/* Begin PBXGroup section */
		1A51D4872A17487600A7366F /* private */ = {
			isa = PBXGroup;
			children = (
				1A51D4852A171CDC00A7366F /* private1.swift */,
				1A51D4952A199BF200A7366F /* private2.swift */,
				1A51D4972A1A007B00A7366F /* private3.swift */,
				1AE123E42A2332BB00513218 /* private4.swift */,
				1AE123E62A25905C00513218 /* private5.swift */,
				1A5943382A29C0E80000E1F8 /* private6.swift */,
				1A59433A2A29D87B0000E1F8 /* private7.swift */,
				1A59433C2A29DFF30000E1F8 /* private8.swift */,
				1A59433E2A29EF470000E1F8 /* private9.swift */,
				1A380A112A2E718700D3C58F /* private10.swift */,
			);
			path = private;
			sourceTree = "<group>";
		};
		1A90665E29FEBB90007D113C = {
			isa = PBXGroup;
			children = (
				1A90666929FEBB90007D113C /* AtCoder */,
				1A90666829FEBB90007D113C /* Products */,
			);
			sourceTree = "<group>";
		};
		1A90666829FEBB90007D113C /* Products */ = {
			isa = PBXGroup;
			children = (
				1A90666729FEBB90007D113C /* AtCoder */,
			);
			name = Products;
			sourceTree = "<group>";
		};
		1A90666929FEBB90007D113C /* AtCoder */ = {
			isa = PBXGroup;
			children = (
				1A51D4872A17487600A7366F /* private */,
				1A9066992A02B131007D113C /* D */,
				1A9066902A00D46D007D113C /* C */,
				1A90668329FED25F007D113C /* B */,
				1A90667629FEC3DD007D113C /* A */,
				1A90666A29FEBB90007D113C /* main.swift */,
				1A90667829FEC609007D113C /* sample.swift */,
			);
			path = AtCoder;
			sourceTree = "<group>";
		};
		1A90667629FEC3DD007D113C /* A */ = {
			isa = PBXGroup;
			children = (
				1A90667A29FEC640007D113C /* ABC086-A.swift */,
				1A90667C29FEC9C9007D113C /* ABC081-A.swift */,
				1A061A642A0FB3F50092DA1C /* ABC301-A.swift */,
				1A51D48F2A18F0C200A7366F /* ABC302-A.swift */,
				1AE123DE2A22293700513218 /* ABC303-A.swift */,
			);
			path = A;
			sourceTree = "<group>";
		};
		1A90668329FED25F007D113C /* B */ = {
			isa = PBXGroup;
			children = (
				1A90668629FED625007D113C /* ABC081-B.swift */,
				1A90668829FED905007D113C /* ABC087-B.swift */,
				1A90668A29FF7429007D113C /* ABC083-B.swift */,
				1A90668C2A00BAA0007D113C /* ABC088-B.swift */,
				1A90668E2A00D07B007D113C /* ABC085-B.swift */,
				1A061A662A0FB6EE0092DA1C /* ABC301-B.swift */,
				1A51D4912A18F41300A7366F /* ABC302-B.swift */,
				1AE123E02A222D4200513218 /* ABC303-B.swift */,
			);
			path = B;
			sourceTree = "<group>";
		};
		1A9066902A00D46D007D113C /* C */ = {
			isa = PBXGroup;
			children = (
				1A9066912A00D486007D113C /* ABC085-C.swift */,
				1A9066932A00E681007D113C /* ABC049-C.swift */,
				1A9066952A017309007D113C /* ABC086-C.swift */,
				1A9066972A02ABB8007D113C /* ABC047-C.swift */,
				1A061A682A0FBF1E0092DA1C /* ABC301-C.swift */,
				1A51D4932A19012200A7366F /* ABC302-C.swift */,
				1AE123E22A2231CE00513218 /* ABC303-C.swift */,
			);
			path = C;
			sourceTree = "<group>";
		};
		1A9066992A02B131007D113C /* D */ = {
			isa = PBXGroup;
			children = (
				1A90669A2A02B147007D113C /* ABC047-D.swift */,
			);
			path = D;
			sourceTree = "<group>";
		};
/* End PBXGroup section */

/* Begin PBXNativeTarget section */
		1A90666629FEBB90007D113C /* AtCoder */ = {
			isa = PBXNativeTarget;
			buildConfigurationList = 1A90666E29FEBB90007D113C /* Build configuration list for PBXNativeTarget "AtCoder" */;
			buildPhases = (
				1A90666329FEBB90007D113C /* Sources */,
				1A90666429FEBB90007D113C /* Frameworks */,
				1A90666529FEBB90007D113C /* CopyFiles */,
			);
			buildRules = (
			);
			dependencies = (
			);
			name = AtCoder;
			productName = AtCoder;
			productReference = 1A90666729FEBB90007D113C /* AtCoder */;
			productType = "com.apple.product-type.tool";
		};
/* End PBXNativeTarget section */

/* Begin PBXProject section */
		1A90665F29FEBB90007D113C /* Project object */ = {
			isa = PBXProject;
			attributes = {
				BuildIndependentTargetsInParallel = 1;
				LastSwiftUpdateCheck = 1420;
				LastUpgradeCheck = 1420;
				TargetAttributes = {
					1A90666629FEBB90007D113C = {
						CreatedOnToolsVersion = 14.2;
					};
				};
			};
			buildConfigurationList = 1A90666229FEBB90007D113C /* Build configuration list for PBXProject "AtCoder" */;
			compatibilityVersion = "Xcode 14.0";
			developmentRegion = en;
			hasScannedForEncodings = 0;
			knownRegions = (
				en,
				Base,
			);
			mainGroup = 1A90665E29FEBB90007D113C;
			productRefGroup = 1A90666829FEBB90007D113C /* Products */;
			projectDirPath = "";
			projectRoot = "";
			targets = (
				1A90666629FEBB90007D113C /* AtCoder */,
			);
		};
/* End PBXProject section */

/* Begin PBXSourcesBuildPhase section */
		1A90666329FEBB90007D113C /* Sources */ = {
			isa = PBXSourcesBuildPhase;
			buildActionMask = 2147483647;
			files = (
				1A59433D2A29DFF30000E1F8 /* private8.swift in Sources */,
				1A9066922A00D486007D113C /* ABC085-C.swift in Sources */,
				1A90666B29FEBB90007D113C /* main.swift in Sources */,
				1A061A672A0FB6EE0092DA1C /* ABC301-B.swift in Sources */,
				1A90668B29FF7429007D113C /* ABC083-B.swift in Sources */,
				1A9066982A02ABB8007D113C /* ABC047-C.swift in Sources */,
				1AE123E72A25905C00513218 /* private5.swift in Sources */,
				1A51D4902A18F0C200A7366F /* ABC302-A.swift in Sources */,
				1A90667929FEC609007D113C /* sample.swift in Sources */,
				1A9066942A00E681007D113C /* ABC049-C.swift in Sources */,
				1A51D4862A171CDC00A7366F /* private1.swift in Sources */,
				1A5943392A29C0E80000E1F8 /* private6.swift in Sources */,
				1A90668F2A00D07B007D113C /* ABC085-B.swift in Sources */,
				1A90668729FED625007D113C /* ABC081-B.swift in Sources */,
				1AE123DF2A22293700513218 /* ABC303-A.swift in Sources */,
				1A061A692A0FBF1E0092DA1C /* ABC301-C.swift in Sources */,
				1A90667D29FEC9C9007D113C /* ABC081-A.swift in Sources */,
				1A90667B29FEC640007D113C /* ABC086-A.swift in Sources */,
				1A9066962A01730A007D113C /* ABC086-C.swift in Sources */,
				1A51D4922A18F41300A7366F /* ABC302-B.swift in Sources */,
				1A51D4982A1A007B00A7366F /* private3.swift in Sources */,
				1A90669B2A02B147007D113C /* ABC047-D.swift in Sources */,
				1AE123E32A2231CE00513218 /* ABC303-C.swift in Sources */,
				1AE123E12A222D4200513218 /* ABC303-B.swift in Sources */,
				1A380A122A2E718700D3C58F /* private10.swift in Sources */,
				1A51D4942A19012200A7366F /* ABC302-C.swift in Sources */,
				1A061A652A0FB3F50092DA1C /* ABC301-A.swift in Sources */,
				1A90668D2A00BAA0007D113C /* ABC088-B.swift in Sources */,
				1A51D4962A199BF200A7366F /* private2.swift in Sources */,
				1A90668929FED905007D113C /* ABC087-B.swift in Sources */,
				1A59433F2A29EF470000E1F8 /* private9.swift in Sources */,
				1AE123E52A2332BB00513218 /* private4.swift in Sources */,
				1A59433B2A29D87B0000E1F8 /* private7.swift in Sources */,
			);
			runOnlyForDeploymentPostprocessing = 0;
		};
/* End PBXSourcesBuildPhase section */

/* Begin XCBuildConfiguration section */
		1A90666C29FEBB90007D113C /* Debug */ = {
			isa = XCBuildConfiguration;
			buildSettings = {
				ALWAYS_SEARCH_USER_PATHS = NO;
				CLANG_ANALYZER_NONNULL = YES;
				CLANG_ANALYZER_NUMBER_OBJECT_CONVERSION = YES_AGGRESSIVE;
				CLANG_CXX_LANGUAGE_STANDARD = "gnu++20";
				CLANG_ENABLE_MODULES = YES;
				CLANG_ENABLE_OBJC_ARC = YES;
				CLANG_ENABLE_OBJC_WEAK = YES;
				CLANG_WARN_BLOCK_CAPTURE_AUTORELEASING = YES;
				CLANG_WARN_BOOL_CONVERSION = YES;
				CLANG_WARN_COMMA = YES;
				CLANG_WARN_CONSTANT_CONVERSION = YES;
				CLANG_WARN_DEPRECATED_OBJC_IMPLEMENTATIONS = YES;
				CLANG_WARN_DIRECT_OBJC_ISA_USAGE = YES_ERROR;
				CLANG_WARN_DOCUMENTATION_COMMENTS = YES;
				CLANG_WARN_EMPTY_BODY = YES;
				CLANG_WARN_ENUM_CONVERSION = YES;
				CLANG_WARN_INFINITE_RECURSION = YES;
				CLANG_WARN_INT_CONVERSION = YES;
				CLANG_WARN_NON_LITERAL_NULL_CONVERSION = YES;
				CLANG_WARN_OBJC_IMPLICIT_RETAIN_SELF = YES;
				CLANG_WARN_OBJC_LITERAL_CONVERSION = YES;
				CLANG_WARN_OBJC_ROOT_CLASS = YES_ERROR;
				CLANG_WARN_QUOTED_INCLUDE_IN_FRAMEWORK_HEADER = YES;
				CLANG_WARN_RANGE_LOOP_ANALYSIS = YES;
				CLANG_WARN_STRICT_PROTOTYPES = YES;
				CLANG_WARN_SUSPICIOUS_MOVE = YES;
				CLANG_WARN_UNGUARDED_AVAILABILITY = YES_AGGRESSIVE;
				CLANG_WARN_UNREACHABLE_CODE = YES;
				CLANG_WARN__DUPLICATE_METHOD_MATCH = YES;
				COPY_PHASE_STRIP = NO;
				DEBUG_INFORMATION_FORMAT = dwarf;
				ENABLE_STRICT_OBJC_MSGSEND = YES;
				ENABLE_TESTABILITY = YES;
				GCC_C_LANGUAGE_STANDARD = gnu11;
				GCC_DYNAMIC_NO_PIC = NO;
				GCC_NO_COMMON_BLOCKS = YES;
				GCC_OPTIMIZATION_LEVEL = 0;
				GCC_PREPROCESSOR_DEFINITIONS = (
					"DEBUG=1",
					"$(inherited)",
				);
				GCC_WARN_64_TO_32_BIT_CONVERSION = YES;
				GCC_WARN_ABOUT_RETURN_TYPE = YES_ERROR;
				GCC_WARN_UNDECLARED_SELECTOR = YES;
				GCC_WARN_UNINITIALIZED_AUTOS = YES_AGGRESSIVE;
				GCC_WARN_UNUSED_FUNCTION = YES;
				GCC_WARN_UNUSED_VARIABLE = YES;
				MACOSX_DEPLOYMENT_TARGET = 12.6;
				MTL_ENABLE_DEBUG_INFO = INCLUDE_SOURCE;
				MTL_FAST_MATH = YES;
				ONLY_ACTIVE_ARCH = YES;
				SDKROOT = macosx;
				SWIFT_ACTIVE_COMPILATION_CONDITIONS = DEBUG;
				SWIFT_OPTIMIZATION_LEVEL = "-Onone";
			};
			name = Debug;
		};
		1A90666D29FEBB90007D113C /* Release */ = {
			isa = XCBuildConfiguration;
			buildSettings = {
				ALWAYS_SEARCH_USER_PATHS = NO;
				CLANG_ANALYZER_NONNULL = YES;
				CLANG_ANALYZER_NUMBER_OBJECT_CONVERSION = YES_AGGRESSIVE;
				CLANG_CXX_LANGUAGE_STANDARD = "gnu++20";
				CLANG_ENABLE_MODULES = YES;
				CLANG_ENABLE_OBJC_ARC = YES;
				CLANG_ENABLE_OBJC_WEAK = YES;
				CLANG_WARN_BLOCK_CAPTURE_AUTORELEASING = YES;
				CLANG_WARN_BOOL_CONVERSION = YES;
				CLANG_WARN_COMMA = YES;
				CLANG_WARN_CONSTANT_CONVERSION = YES;
				CLANG_WARN_DEPRECATED_OBJC_IMPLEMENTATIONS = YES;
				CLANG_WARN_DIRECT_OBJC_ISA_USAGE = YES_ERROR;
				CLANG_WARN_DOCUMENTATION_COMMENTS = YES;
				CLANG_WARN_EMPTY_BODY = YES;
				CLANG_WARN_ENUM_CONVERSION = YES;
				CLANG_WARN_INFINITE_RECURSION = YES;
				CLANG_WARN_INT_CONVERSION = YES;
				CLANG_WARN_NON_LITERAL_NULL_CONVERSION = YES;
				CLANG_WARN_OBJC_IMPLICIT_RETAIN_SELF = YES;
				CLANG_WARN_OBJC_LITERAL_CONVERSION = YES;
				CLANG_WARN_OBJC_ROOT_CLASS = YES_ERROR;
				CLANG_WARN_QUOTED_INCLUDE_IN_FRAMEWORK_HEADER = YES;
				CLANG_WARN_RANGE_LOOP_ANALYSIS = YES;
				CLANG_WARN_STRICT_PROTOTYPES = YES;
				CLANG_WARN_SUSPICIOUS_MOVE = YES;
				CLANG_WARN_UNGUARDED_AVAILABILITY = YES_AGGRESSIVE;
				CLANG_WARN_UNREACHABLE_CODE = YES;
				CLANG_WARN__DUPLICATE_METHOD_MATCH = YES;
				COPY_PHASE_STRIP = NO;
				DEBUG_INFORMATION_FORMAT = "dwarf-with-dsym";
				ENABLE_NS_ASSERTIONS = NO;
				ENABLE_STRICT_OBJC_MSGSEND = YES;
				GCC_C_LANGUAGE_STANDARD = gnu11;
				GCC_NO_COMMON_BLOCKS = YES;
				GCC_WARN_64_TO_32_BIT_CONVERSION = YES;
				GCC_WARN_ABOUT_RETURN_TYPE = YES_ERROR;
				GCC_WARN_UNDECLARED_SELECTOR = YES;
				GCC_WARN_UNINITIALIZED_AUTOS = YES_AGGRESSIVE;
				GCC_WARN_UNUSED_FUNCTION = YES;
				GCC_WARN_UNUSED_VARIABLE = YES;
				MACOSX_DEPLOYMENT_TARGET = 12.6;
				MTL_ENABLE_DEBUG_INFO = NO;
				MTL_FAST_MATH = YES;
				SDKROOT = macosx;
				SWIFT_COMPILATION_MODE = wholemodule;
				SWIFT_OPTIMIZATION_LEVEL = "-O";
			};
			name = Release;
		};
		1A90666F29FEBB90007D113C /* Debug */ = {
			isa = XCBuildConfiguration;
			buildSettings = {
				CODE_SIGN_STYLE = Automatic;
				DEVELOPMENT_TEAM = MS9QNFCC9R;
				ENABLE_HARDENED_RUNTIME = YES;
				PRODUCT_NAME = "$(TARGET_NAME)";
				SWIFT_VERSION = 5.0;
			};
			name = Debug;
		};
		1A90667029FEBB90007D113C /* Release */ = {
			isa = XCBuildConfiguration;
			buildSettings = {
				CODE_SIGN_STYLE = Automatic;
				DEVELOPMENT_TEAM = MS9QNFCC9R;
				ENABLE_HARDENED_RUNTIME = YES;
				PRODUCT_NAME = "$(TARGET_NAME)";
				SWIFT_VERSION = 5.0;
			};
			name = Release;
		};
/* End XCBuildConfiguration section */

/* Begin XCConfigurationList section */
		1A90666229FEBB90007D113C /* Build configuration list for PBXProject "AtCoder" */ = {
			isa = XCConfigurationList;
			buildConfigurations = (
				1A90666C29FEBB90007D113C /* Debug */,
				1A90666D29FEBB90007D113C /* Release */,
			);
			defaultConfigurationIsVisible = 0;
			defaultConfigurationName = Release;
		};
		1A90666E29FEBB90007D113C /* Build configuration list for PBXNativeTarget "AtCoder" */ = {
			isa = XCConfigurationList;
			buildConfigurations = (
				1A90666F29FEBB90007D113C /* Debug */,
				1A90667029FEBB90007D113C /* Release */,
			);
			defaultConfigurationIsVisible = 0;
			defaultConfigurationName = Release;
		};
/* End XCConfigurationList section */
	};
	rootObject = 1A90665F29FEBB90007D113C /* Project object */;
}
